
Microsoft Visual Studio Solution File, Format Version 12.00
# Visual Studio Version 17
VisualStudioVersion = 17.5.002.0
MinimumVisualStudioVersion = 10.0.40219.1
Project("{9A19103F-16F7-4668-BE54-9A1E7A4F7556}") = "AccountPay", "AccountPay.csproj", "{2C69B8E0-B78B-434E-8BFA-B5F1656B2C33}"
EndProject
Global
	GlobalSection(SolutionConfigurationPlatforms) = preSolution
		Debug|Any CPU = Debug|Any CPU
		Release|Any CPU = Release|Any CPU
	EndGlobalSection
	GlobalSection(ProjectConfigurationPlatforms) = postSolution
		{2C69B8E0-B78B-434E-8BFA-B5F1656B2C33}.Debug|Any CPU.ActiveCfg = Debug|Any CPU
		{2C69B8E0-B78B-434E-8BFA-B5F1656B2C33}.Debug|Any CPU.Build.0 = Debug|Any CPU
		{2C69B8E0-B78B-434E-8BFA-B5F1656B2C33}.Release|Any CPU.ActiveCfg = Release|Any CPU
		{2C69B8E0-B78B-434E-8BFA-B5F1656B2C33}.Release|Any CPU.Build.0 = Release|Any CPU
	EndGlobalSection
	GlobalSection(SolutionProperties) = preSolution
		HideSolutionNode = FALSE
	EndGlobalSection
	GlobalSection(ExtensibilityGlobals) = postSolution
		SolutionGuid = {A927260A-964C-48F2-B143-2B05041BC319}
	EndGlobalSection
EndGlobal
